
Microsoft Visual Studio Solution File, Format Version 12.00
# Visual Studio Version 16
VisualStudioVersion = 16.0.30104.148
MinimumVisualStudioVersion = 10.0.40219.1
Project("{9A19103F-16F7-4668-BE54-9A1E7A4F7556}") = "InformSystem.WebApi.Client", "src\WebApi.Client\InformSystem.WebApi.Client.csproj", "{A6B89D51-0541-4236-9A0C-3AF9C5300E52}"
EndProject
Project("{9A19103F-16F7-4668-BE54-9A1E7A4F7556}") = "InformSystem.WebApi.Client.RestSharp", "src\WebApi.Client.RestSharp\InformSystem.WebApi.Client.RestSharp.csproj", "{C5EB5B12-420F-47FD-9089-2B2EC188F7CF}"
EndProject
Project("{9A19103F-16F7-4668-BE54-9A1E7A4F7556}") = "InformSystem.WebApi.Models", "src\WebApi.Models\InformSystem.WebApi.Models.csproj", "{7CF0120C-2F63-408C-B761-0F4946F0E0D7}"
EndProject
Project("{9A19103F-16F7-4668-BE54-9A1E7A4F7556}") = "InformSystem.WebApi.Client.Sample", "samples\WebApi.Client.Sample\InformSystem.WebApi.Client.Sample.csproj", "{EC0ECB70-5F32-4F7A-B42E-63C82DAF08C0}"
EndProject
Project("{2150E333-8FDC-42A3-9474-1A3956D46DE8}") = "Solution Items", "Solution Items", "{C5E76A68-26DB-481E-9470-22A29DECE90B}"
	ProjectSection(SolutionItems) = preProject
		.gitignore = .gitignore
		.tfignore = .tfignore
	EndProjectSection
EndProject
Project("{2150E333-8FDC-42A3-9474-1A3956D46DE8}") = "src", "src", "{D8C6774D-2C39-40F4-9BB3-5696F1CFC8AF}"
	ProjectSection(SolutionItems) = preProject
		src\cleanup.config = src\cleanup.config
		src\ProjectRules.ruleset = src\ProjectRules.ruleset
		src\SharedAssemblyInfo.cs = src\SharedAssemblyInfo.cs
	EndProjectSection
EndProject
Project("{2150E333-8FDC-42A3-9474-1A3956D46DE8}") = "samples", "samples", "{07CBDED1-DB37-42E9-B22F-B4B96097C332}"
	ProjectSection(SolutionItems) = preProject
		samples\cleanup.config = samples\cleanup.config
		samples\ProjectRules.ruleset = samples\ProjectRules.ruleset
		samples\SharedAssemblyInfo.cs = samples\SharedAssemblyInfo.cs
	EndProjectSection
EndProject
Global
	GlobalSection(SolutionConfigurationPlatforms) = preSolution
		Debug|Any CPU = Debug|Any CPU
		Release|Any CPU = Release|Any CPU
	EndGlobalSection
	GlobalSection(ProjectConfigurationPlatforms) = postSolution
		{A6B89D51-0541-4236-9A0C-3AF9C5300E52}.Debug|Any CPU.ActiveCfg = Debug|Any CPU
		{A6B89D51-0541-4236-9A0C-3AF9C5300E52}.Debug|Any CPU.Build.0 = Debug|Any CPU
		{A6B89D51-0541-4236-9A0C-3AF9C5300E52}.Release|Any CPU.ActiveCfg = Release|Any CPU
		{A6B89D51-0541-4236-9A0C-3AF9C5300E52}.Release|Any CPU.Build.0 = Release|Any CPU
		{C5EB5B12-420F-47FD-9089-2B2EC188F7CF}.Debug|Any CPU.ActiveCfg = Debug|Any CPU
		{C5EB5B12-420F-47FD-9089-2B2EC188F7CF}.Debug|Any CPU.Build.0 = Debug|Any CPU
		{C5EB5B12-420F-47FD-9089-2B2EC188F7CF}.Release|Any CPU.ActiveCfg = Release|Any CPU
		{C5EB5B12-420F-47FD-9089-2B2EC188F7CF}.Release|Any CPU.Build.0 = Release|Any CPU
		{7CF0120C-2F63-408C-B761-0F4946F0E0D7}.Debug|Any CPU.ActiveCfg = Debug|Any CPU
		{7CF0120C-2F63-408C-B761-0F4946F0E0D7}.Debug|Any CPU.Build.0 = Debug|Any CPU
		{7CF0120C-2F63-408C-B761-0F4946F0E0D7}.Release|Any CPU.ActiveCfg = Release|Any CPU
		{7CF0120C-2F63-408C-B761-0F4946F0E0D7}.Release|Any CPU.Build.0 = Release|Any CPU
		{EC0ECB70-5F32-4F7A-B42E-63C82DAF08C0}.Debug|Any CPU.ActiveCfg = Debug|Any CPU
		{EC0ECB70-5F32-4F7A-B42E-63C82DAF08C0}.Debug|Any CPU.Build.0 = Debug|Any CPU
		{EC0ECB70-5F32-4F7A-B42E-63C82DAF08C0}.Release|Any CPU.ActiveCfg = Release|Any CPU
		{EC0ECB70-5F32-4F7A-B42E-63C82DAF08C0}.Release|Any CPU.Build.0 = Release|Any CPU
	EndGlobalSection
	GlobalSection(SolutionProperties) = preSolution
		HideSolutionNode = FALSE
	EndGlobalSection
	GlobalSection(NestedProjects) = preSolution
		{A6B89D51-0541-4236-9A0C-3AF9C5300E52} = {D8C6774D-2C39-40F4-9BB3-5696F1CFC8AF}
		{C5EB5B12-420F-47FD-9089-2B2EC188F7CF} = {D8C6774D-2C39-40F4-9BB3-5696F1CFC8AF}
		{7CF0120C-2F63-408C-B761-0F4946F0E0D7} = {D8C6774D-2C39-40F4-9BB3-5696F1CFC8AF}
		{EC0ECB70-5F32-4F7A-B42E-63C82DAF08C0} = {07CBDED1-DB37-42E9-B22F-B4B96097C332}
	EndGlobalSection
	GlobalSection(ExtensibilityGlobals) = postSolution
		SolutionGuid = {2734AB51-3733-49D4-9C2A-3A160F53B8E6}
	EndGlobalSection
EndGlobal
